
Microsoft Visual Studio Solution File, Format Version 12.00
# Visual Studio Version 17
VisualStudioVersion = 17.1.32407.343
MinimumVisualStudioVersion = 10.0.40219.1
Project("{FAE04EC0-301F-11D3-BF4B-00C04F79EFBC}") = "module8", "module8.csproj", "{CA93AD83-C98D-4ADB-A12E-9E8F733BB3A0}"
EndProject
Global
	GlobalSection(SolutionConfigurationPlatforms) = preSolution
		Debug|Any CPU = Debug|Any CPU
		Release|Any CPU = Release|Any CPU
	EndGlobalSection
	GlobalSection(ProjectConfigurationPlatforms) = postSolution
		{CA93AD83-C98D-4ADB-A12E-9E8F733BB3A0}.Debug|Any CPU.ActiveCfg = Debug|Any CPU
		{CA93AD83-C98D-4ADB-A12E-9E8F733BB3A0}.Debug|Any CPU.Build.0 = Debug|Any CPU
		{CA93AD83-C98D-4ADB-A12E-9E8F733BB3A0}.Release|Any CPU.ActiveCfg = Release|Any CPU
		{CA93AD83-C98D-4ADB-A12E-9E8F733BB3A0}.Release|Any CPU.Build.0 = Release|Any CPU
	EndGlobalSection
	GlobalSection(SolutionProperties) = preSolution
		HideSolutionNode = FALSE
	EndGlobalSection
	GlobalSection(ExtensibilityGlobals) = postSolution
		SolutionGuid = {491BDF42-A48D-479C-95D0-F77DB1D4CD4E}
	EndGlobalSection
EndGlobal
